
Microsoft Visual Studio Solution File, Format Version 12.00
# Visual Studio Version 16
VisualStudioVersion = 16.0.33529.622
MinimumVisualStudioVersion = 10.0.40219.1
Project("{FAE04EC0-301F-11D3-BF4B-00C04F79EFBC}") = "MaximumNumber", "MaximumNumber\MaximumNumber.csproj", "{EBA83034-B6C3-4ABD-A1BB-A1CA73C8FA8A}"
EndProject
Global
	GlobalSection(SolutionConfigurationPlatforms) = preSolution
		Debug|Any CPU = Debug|Any CPU
		Release|Any CPU = Release|Any CPU
	EndGlobalSection
	GlobalSection(ProjectConfigurationPlatforms) = postSolution
		{EBA83034-B6C3-4ABD-A1BB-A1CA73C8FA8A}.Debug|Any CPU.ActiveCfg = Debug|Any CPU
		{EBA83034-B6C3-4ABD-A1BB-A1CA73C8FA8A}.Debug|Any CPU.Build.0 = Debug|Any CPU
		{EBA83034-B6C3-4ABD-A1BB-A1CA73C8FA8A}.Release|Any CPU.ActiveCfg = Release|Any CPU
		{EBA83034-B6C3-4ABD-A1BB-A1CA73C8FA8A}.Release|Any CPU.Build.0 = Release|Any CPU
	EndGlobalSection
	GlobalSection(SolutionProperties) = preSolution
		HideSolutionNode = FALSE
	EndGlobalSection
	GlobalSection(ExtensibilityGlobals) = postSolution
		SolutionGuid = {F67594FF-425B-4CFD-8463-E33A346B4667}
	EndGlobalSection
EndGlobal
